<?xml version="1.0" encoding="utf-8"?>
<Project ToolsVersion="4.0" xmlns="http://schemas.microsoft.com/developer/msbuild/2003">
  <ItemGroup>
    <Filter Include="include">
      <UniqueIdentifier>{93995380-89BD-4b04-88EB-625FBE52EBFB}</UniqueIdentifier>
      <Extensions>h;hpp;hxx;hm;inl;inc;xsd</Extensions>
    </Filter>
    <Filter Include="src">
      <UniqueIdentifier>{4c5e54ad-7563-43a7-8b11-5067a45289e9}</UniqueIdentifier>
      <Extensions>cpp;c;cc;cxx;def;odl;idl;hpj;bat;asm;asmx</Extensions>
    </Filter>
  </ItemGroup>
  <ItemGroup>
    <ClCompile Include="src\asr_websocket_engine.c">
      <Filter>src</Filter>
    </ClCompile>
    <ClCompile Include="src\funasr_audio.c"><Filter>src</Filter></ClCompile>
    <ClCompile Include="src\funasr_clock.c"><Filter>src</Filter></ClCompile>
    <ClCompile Include="src\funasr_close_fence_retry.c"><Filter>src</Filter></ClCompile>
    <ClCompile Include="src\funasr_control.c"><Filter>src</Filter></ClCompile>
    <ClCompile Include="src\funasr_json.c"><Filter>src</Filter></ClCompile>
    <ClCompile Include="src\funasr_ws_transport.c"><Filter>src</Filter></ClCompile>
  </ItemGroup>
  <ItemGroup>
    <ClInclude Include="src\funasr_audio.h"><Filter>include</Filter></ClInclude>
    <ClInclude Include="src\funasr_clock.h"><Filter>include</Filter></ClInclude>
    <ClInclude Include="src\funasr_close_fence_retry.h"><Filter>include</Filter></ClInclude>
    <ClInclude Include="src\funasr_control.h"><Filter>include</Filter></ClInclude>
    <ClInclude Include="src\funasr_json.h"><Filter>include</Filter></ClInclude>
    <ClInclude Include="src\funasr_ws_transport.h"><Filter>include</Filter></ClInclude>
  </ItemGroup>
</Project>
